# This file is automatically @generated by Cargo.
# It is not intended for manual editing.
version = 4

[[package]]
name = "zkp-circuits"
version = "0.1.0"

[[package]]
name = "zkp-core"
version = "0.1.0"

[[package]]
name = "zkp-crypto"
version = "0.1.0"

[[package]]
name = "zkp-prover"
version = "0.1.0"

[[package]]
name = "zkp-sdk"
version = "0.1.0"

[[package]]
name = "zkp-verifier"
version = "0.1.0"

[[package]]
name = "zkp-vm"
version = "0.1.0"
