{
  "name": "atc-sdk-workspace",
  "version": "0.1.0",
  "lockfileVersion": 3,
  "requires": true,
  "packages": {
    "": {
      "name": "atc-sdk-workspace",
      "version": "0.1.0",
      "license": "Apache-2.0",
      "workspaces": [
        "typescript"
      ]
    },
    "node_modules/@a-townchain/atc-sdk": {
      "resolved": "typescript",
      "link": true
    },
    "typescript": {
      "name": "@a-townchain/atc-sdk",
      "version": "0.1.0"
    }
  }
}
