# This file is automatically @generated by Cargo.
# It is not intended for manual editing.
version = 4

[[package]]
name = "atc-genesis-ai"
version = "0.1.0"

[[package]]
name = "atc-genesis-animation"
version = "0.1.0"

[[package]]
name = "atc-genesis-assets"
version = "0.1.0"
dependencies = [
 "atc-genesis-platform",
]

[[package]]
name = "atc-genesis-audio"
version = "0.1.0"
dependencies = [
 "atc-genesis-platform",
]

[[package]]
name = "atc-genesis-build"
version = "0.1.0"

[[package]]
name = "atc-genesis-cli"
version = "0.1.0"

[[package]]
name = "atc-genesis-ecs"
version = "0.1.0"
dependencies = [
 "atc-genesis-platform",
 "atc-genesis-world",
]

[[package]]
name = "atc-genesis-editor"
version = "0.1.0"
dependencies = [
 "atc-genesis-ecs",
 "atc-genesis-platform",
]

[[package]]
name = "atc-genesis-gameplay"
version = "0.1.0"
dependencies = [
 "atc-genesis-ecs",
 "atc-genesis-input",
 "atc-genesis-platform",
]

[[package]]
name = "atc-genesis-input"
version = "0.1.0"

[[package]]
name = "atc-genesis-network"
version = "0.1.0"

[[package]]
name = "atc-genesis-physics"
version = "0.1.0"
dependencies = [
 "atc-genesis-ecs",
 "atc-genesis-platform",
 "atc-genesis-world",
]

[[package]]
name = "atc-genesis-platform"
version = "0.1.0"

[[package]]
name = "atc-genesis-renderer"
version = "0.1.0"
dependencies = [
 "atc-genesis-animation",
 "atc-genesis-ecs",
 "atc-genesis-platform",
]

[[package]]
name = "atc-genesis-runtime"
version = "0.1.0"
dependencies = [
 "atc-genesis-animation",
 "atc-genesis-audio",
 "atc-genesis-ecs",
 "atc-genesis-gameplay",
 "atc-genesis-input",
 "atc-genesis-network",
 "atc-genesis-physics",
 "atc-genesis-platform",
 "atc-genesis-renderer",
 "atc-genesis-world",
]

[[package]]
name = "atc-genesis-sdk"
version = "0.1.0"
dependencies = [
 "atc-genesis-ecs",
 "atc-genesis-platform",
]

[[package]]
name = "atc-genesis-tools"
version = "0.1.0"

[[package]]
name = "atc-genesis-ui"
version = "0.1.0"
dependencies = [
 "atc-genesis-platform",
]

[[package]]
name = "atc-genesis-world"
version = "0.1.0"
dependencies = [
 "atc-genesis-platform",
]
